
Microsoft Visual Studio Solution File, Format Version 12.00
# Visual Studio 15
VisualStudioVersion = 15.0.28307.136
MinimumVisualStudioVersion = 10.0.40219.1
Project("{FAE04EC0-301F-11D3-BF4B-00C04F79EFBC}") = "TodoApiAspNetCoreWebApi", "TodoApiAspNetCoreWebApi\TodoApiAspNetCoreWebApi.csproj", "{4BB67D41-889D-4651-8E6F-5AED09FCAB8B}"
EndProject
Global
	GlobalSection(SolutionConfigurationPlatforms) = preSolution
		Debug|Any CPU = Debug|Any CPU
		Release|Any CPU = Release|Any CPU
	EndGlobalSection
	GlobalSection(ProjectConfigurationPlatforms) = postSolution
		{4BB67D41-889D-4651-8E6F-5AED09FCAB8B}.Debug|Any CPU.ActiveCfg = Debug|Any CPU
		{4BB67D41-889D-4651-8E6F-5AED09FCAB8B}.Debug|Any CPU.Build.0 = Debug|Any CPU
		{4BB67D41-889D-4651-8E6F-5AED09FCAB8B}.Release|Any CPU.ActiveCfg = Release|Any CPU
		{4BB67D41-889D-4651-8E6F-5AED09FCAB8B}.Release|Any CPU.Build.0 = Release|Any CPU
	EndGlobalSection
	GlobalSection(SolutionProperties) = preSolution
		HideSolutionNode = FALSE
	EndGlobalSection
	GlobalSection(ExtensibilityGlobals) = postSolution
		SolutionGuid = {76B4751E-5796-4851-B14C-E021DDB4E0AA}
	EndGlobalSection
EndGlobal
